
Microsoft Visual Studio Solution File, Format Version 12.00
# Visual Studio Version 16
VisualStudioVersion = 16.0.32602.291
MinimumVisualStudioVersion = 10.0.40219.1
Project("{FAE04EC0-301F-11D3-BF4B-00C04F79EFBC}") = "InterviewTest", "InterviewTest\InterviewTest.csproj", "{4D526FD3-828C-446C-82EB-E7FE02D0DAE0}"
EndProject
Global
	GlobalSection(SolutionConfigurationPlatforms) = preSolution
		Debug|Any CPU = Debug|Any CPU
		Release|Any CPU = Release|Any CPU
	EndGlobalSection
	GlobalSection(ProjectConfigurationPlatforms) = postSolution
		{4D526FD3-828C-446C-82EB-E7FE02D0DAE0}.Debug|Any CPU.ActiveCfg = Debug|Any CPU
		{4D526FD3-828C-446C-82EB-E7FE02D0DAE0}.Debug|Any CPU.Build.0 = Debug|Any CPU
		{4D526FD3-828C-446C-82EB-E7FE02D0DAE0}.Release|Any CPU.ActiveCfg = Release|Any CPU
		{4D526FD3-828C-446C-82EB-E7FE02D0DAE0}.Release|Any CPU.Build.0 = Release|Any CPU
	EndGlobalSection
	GlobalSection(SolutionProperties) = preSolution
		HideSolutionNode = FALSE
	EndGlobalSection
	GlobalSection(ExtensibilityGlobals) = postSolution
		SolutionGuid = {5CDFE17E-161E-4AF0-AF60-983CAD7F4B35}
	EndGlobalSection
EndGlobal
